// !$*UTF8*$!
{
	archiveVersion = 1;
	classes = {
	};
	objectVersion = 46;
	objects = {

/* Begin PBXBuildFile section */
		8256D12F1ADA8B2200AE5DEE /* AppDelegate.swift in Sources */ = {isa = PBXBuildFile; fileRef = 8256D12E1ADA8B2200AE5DEE /* AppDelegate.swift */; };
		8256D1311ADA8B2200AE5DEE /* ViewController.swift in Sources */ = {isa = PBXBuildFile; fileRef = 8256D1301ADA8B2200AE5DEE /* ViewController.swift */; };
		8256D1341ADA8B2200AE5DEE /* Main.storyboard in Resources */ = {isa = PBXBuildFile; fileRef = 8256D1321ADA8B2200AE5DEE /* Main.storyboard */; };
		8256D1361ADA8B2200AE5DEE /* Images.xcassets in Resources */ = {isa = PBXBuildFile; fileRef = 8256D1351ADA8B2200AE5DEE /* Images.xcassets */; };
		8256D1391ADA8B2200AE5DEE /* LaunchScreen.xib in Resources */ = {isa = PBXBuildFile; fileRef = 8256D1371ADA8B2200AE5DEE /* LaunchScreen.xib */; };
		8256D1451ADA8B2300AE5DEE /* searchJobTests.swift in Sources */ = {isa = PBXBuildFile; fileRef = 8256D1441ADA8B2300AE5DEE /* searchJobTests.swift */; };
/* End PBXBuildFile section */

/* Begin PBXContainerItemProxy section */
		8256D13F1ADA8B2200AE5DEE /* PBXContainerItemProxy */ = {
			isa = PBXContainerItemProxy;
			containerPortal = 8256D1211ADA8B2200AE5DEE /* Project object */;
			proxyType = 1;
			remoteGlobalIDString = 8256D1281ADA8B2200AE5DEE;
			remoteInfo = searchJob;
		};
/* End PBXContainerItemProxy section */

/* Begin PBXFileReference section */
		8256D1291ADA8B2200AE5DEE /* searchJob.app */ = {isa = PBXFileReference; explicitFileType = wrapper.application; includeInIndex = 0; path = searchJob.app; sourceTree = BUILT_PRODUCTS_DIR; };
		8256D12D1ADA8B2200AE5DEE /* Info.plist */ = {isa = PBXFileReference; lastKnownFileType = text.plist.xml; path = Info.plist; sourceTree = "<group>"; };
		8256D12E1ADA8B2200AE5DEE /* AppDelegate.swift */ = {isa = PBXFileReference; lastKnownFileType = sourcecode.swift; path = AppDelegate.swift; sourceTree = "<group>"; };
		8256D1301ADA8B2200AE5DEE /* ViewController.swift */ = {isa = PBXFileReference; lastKnownFileType = sourcecode.swift; path = ViewController.swift; sourceTree = "<group>"; };
		8256D1331ADA8B2200AE5DEE /* Base */ = {isa = PBXFileReference; lastKnownFileType = file.storyboard; name = Base; path = Base.lproj/Main.storyboard; sourceTree = "<group>"; };
		8256D1351ADA8B2200AE5DEE /* Images.xcassets */ = {isa = PBXFileReference; lastKnownFileType = folder.assetcatalog; path = Images.xcassets; sourceTree = "<group>"; };
		8256D1381ADA8B2200AE5DEE /* Base */ = {isa = PBXFileReference; lastKnownFileType = file.xib; name = Base; path = Base.lproj/LaunchScreen.xib; sourceTree = "<group>"; };
		8256D13E1ADA8B2200AE5DEE /* searchJobTests.xctest */ = {isa = PBXFileReference; explicitFileType = wrapper.cfbundle; includeInIndex = 0; path = searchJobTests.xctest; sourceTree = BUILT_PRODUCTS_DIR; };
		8256D1431ADA8B2300AE5DEE /* Info.plist */ = {isa = PBXFileReference; lastKnownFileType = text.plist.xml; path = Info.plist; sourceTree = "<group>"; };
		8256D1441ADA8B2300AE5DEE /* searchJobTests.swift */ = {isa = PBXFileReference; lastKnownFileType = sourcecode.swift; path = searchJobTests.swift; sourceTree = "<group>"; };
/* End PBXFileReference section */

/* Begin PBXFrameworksBuildPhase section */
		8256D1261ADA8B2200AE5DEE /* Frameworks */ = {
			isa = PBXFrameworksBuildPhase;
			buildActionMask = 2147483647;
			files = (
			);
			runOnlyForDeploymentPostprocessing = 0;
		};
		8256D13B1ADA8B2200AE5DEE /* Frameworks */ = {
			isa = PBXFrameworksBuildPhase;
			buildActionMask = 2147483647;
			files = (
			);
			runOnlyForDeploymentPostprocessing = 0;
		};
/* End PBXFrameworksBuildPhase section */

/* Begin PBXGroup section */
		8256D1201ADA8B2200AE5DEE = {
			isa = PBXGroup;
			children = (
				8256D12B1ADA8B2200AE5DEE /* searchJob */,
				8256D1411ADA8B2300AE5DEE /* searchJobTests */,
				8256D12A1ADA8B2200AE5DEE /* Products */,
			);
			sourceTree = "<group>";
		};
		8256D12A1ADA8B2200AE5DEE /* Products */ = {
			isa = PBXGroup;
			children = (
				8256D1291ADA8B2200AE5DEE /* searchJob.app */,
				8256D13E1ADA8B2200AE5DEE /* searchJobTests.xctest */,
			);
			name = Products;
			sourceTree = "<group>";
		};
		8256D12B1ADA8B2200AE5DEE /* searchJob */ = {
			isa = PBXGroup;
			children = (
				8256D12E1ADA8B2200AE5DEE /* AppDelegate.swift */,
				8256D1301ADA8B2200AE5DEE /* ViewController.swift */,
				8256D1321ADA8B2200AE5DEE /* Main.storyboard */,
				8256D1351ADA8B2200AE5DEE /* Images.xcassets */,
				8256D1371ADA8B2200AE5DEE /* LaunchScreen.xib */,
				8256D12C1ADA8B2200AE5DEE /* Supporting Files */,
			);
			path = searchJob;
			sourceTree = "<group>";
		};
		8256D12C1ADA8B2200AE5DEE /* Supporting Files */ = {
			isa = PBXGroup;
			children = (
				8256D12D1ADA8B2200AE5DEE /* Info.plist */,
			);
			name = "Supporting Files";
			sourceTree = "<group>";
		};
		8256D1411ADA8B2300AE5DEE /* searchJobTests */ = {
			isa = PBXGroup;
			children = (
				8256D1441ADA8B2300AE5DEE /* searchJobTests.swift */,
				8256D1421ADA8B2300AE5DEE /* Supporting Files */,
			);
			path = searchJobTests;
			sourceTree = "<group>";
		};
		8256D1421ADA8B2300AE5DEE /* Supporting Files */ = {
			isa = PBXGroup;
			children = (
				8256D1431ADA8B2300AE5DEE /* Info.plist */,
			);
			name = "Supporting Files";
			sourceTree = "<group>";
		};
/* End PBXGroup section */

/* Begin PBXNativeTarget section */
		8256D1281ADA8B2200AE5DEE /* searchJob */ = {
			isa = PBXNativeTarget;
			buildConfigurationList = 8256D1481ADA8B2300AE5DEE /* Build configuration list for PBXNativeTarget "searchJob" */;
			buildPhases = (
				8256D1251ADA8B2200AE5DEE /* Sources */,
				8256D1261ADA8B2200AE5DEE /* Frameworks */,
				8256D1271ADA8B2200AE5DEE /* Resources */,
			);
			buildRules = (
			);
			dependencies = (
			);
			name = searchJob;
			productName = searchJob;
			productReference = 8256D1291ADA8B2200AE5DEE /* searchJob.app */;
			productType = "com.apple.product-type.application";
		};
		8256D13D1ADA8B2200AE5DEE /* searchJobTests */ = {
			isa = PBXNativeTarget;
			buildConfigurationList = 8256D14B1ADA8B2300AE5DEE /* Build configuration list for PBXNativeTarget "searchJobTests" */;
			buildPhases = (
				8256D13A1ADA8B2200AE5DEE /* Sources */,
				8256D13B1ADA8B2200AE5DEE /* Frameworks */,
				8256D13C1ADA8B2200AE5DEE /* Resources */,
			);
			buildRules = (
			);
			dependencies = (
				8256D1401ADA8B2200AE5DEE /* PBXTargetDependency */,
			);
			name = searchJobTests;
			productName = searchJobTests;
			productReference = 8256D13E1ADA8B2200AE5DEE /* searchJobTests.xctest */;
			productType = "com.apple.product-type.bundle.unit-test";
		};
/* End PBXNativeTarget section */

/* Begin PBXProject section */
		8256D1211ADA8B2200AE5DEE /* Project object */ = {
			isa = PBXProject;
			attributes = {
				LastUpgradeCheck = 0620;
				ORGANIZATIONNAME = Narudaj;
				TargetAttributes = {
					8256D1281ADA8B2200AE5DEE = {
						CreatedOnToolsVersion = 6.2;
					};
					8256D13D1ADA8B2200AE5DEE = {
						CreatedOnToolsVersion = 6.2;
						TestTargetID = 8256D1281ADA8B2200AE5DEE;
					};
				};
			};
			buildConfigurationList = 8256D1241ADA8B2200AE5DEE /* Build configuration list for PBXProject "searchJob" */;
			compatibilityVersion = "Xcode 3.2";
			developmentRegion = English;
			hasScannedForEncodings = 0;
			knownRegions = (
				en,
				Base,
			);
			mainGroup = 8256D1201ADA8B2200AE5DEE;
			productRefGroup = 8256D12A1ADA8B2200AE5DEE /* Products */;
			projectDirPath = "";
			projectRoot = "";
			targets = (
				8256D1281ADA8B2200AE5DEE /* searchJob */,
				8256D13D1ADA8B2200AE5DEE /* searchJobTests */,
			);
		};
/* End PBXProject section */

/* Begin PBXResourcesBuildPhase section */
		8256D1271ADA8B2200AE5DEE /* Resources */ = {
			isa = PBXResourcesBuildPhase;
			buildActionMask = 2147483647;
			files = (
				8256D1341ADA8B2200AE5DEE /* Main.storyboard in Resources */,
				8256D1391ADA8B2200AE5DEE /* LaunchScreen.xib in Resources */,
				8256D1361ADA8B2200AE5DEE /* Images.xcassets in Resources */,
			);
			runOnlyForDeploymentPostprocessing = 0;
		};
		8256D13C1ADA8B2200AE5DEE /* Resources */ = {
			isa = PBXResourcesBuildPhase;
			buildActionMask = 2147483647;
			files = (
			);
			runOnlyForDeploymentPostprocessing = 0;
		};
/* End PBXResourcesBuildPhase section */

/* Begin PBXSourcesBuildPhase section */
		8256D1251ADA8B2200AE5DEE /* Sources */ = {
			isa = PBXSourcesBuildPhase;
			buildActionMask = 2147483647;
			files = (
				8256D1311ADA8B2200AE5DEE /* ViewController.swift in Sources */,
				8256D12F1ADA8B2200AE5DEE /* AppDelegate.swift in Sources */,
			);
			runOnlyForDeploymentPostprocessing = 0;
		};
		8256D13A1ADA8B2200AE5DEE /* Sources */ = {
			isa = PBXSourcesBuildPhase;
			buildActionMask = 2147483647;
			files = (
				8256D1451ADA8B2300AE5DEE /* searchJobTests.swift in Sources */,
			);
			runOnlyForDeploymentPostprocessing = 0;
		};
/* End PBXSourcesBuildPhase section */

/* Begin PBXTargetDependency section */
		8256D1401ADA8B2200AE5DEE /* PBXTargetDependency */ = {
			isa = PBXTargetDependency;
			target = 8256D1281ADA8B2200AE5DEE /* searchJob */;
			targetProxy = 8256D13F1ADA8B2200AE5DEE /* PBXContainerItemProxy */;
		};
/* End PBXTargetDependency section */

/* Begin PBXVariantGroup section */
		8256D1321ADA8B2200AE5DEE /* Main.storyboard */ = {
			isa = PBXVariantGroup;
			children = (
				8256D1331ADA8B2200AE5DEE /* Base */,
			);
			name = Main.storyboard;
			sourceTree = "<group>";
		};
		8256D1371ADA8B2200AE5DEE /* LaunchScreen.xib */ = {
			isa = PBXVariantGroup;
			children = (
				8256D1381ADA8B2200AE5DEE /* Base */,
			);
			name = LaunchScreen.xib;
			sourceTree = "<group>";
		};
/* End PBXVariantGroup section */

/* Begin XCBuildConfiguration section */
		8256D1461ADA8B2300AE5DEE /* Debug */ = {
			isa = XCBuildConfiguration;
			buildSettings = {
				ALWAYS_SEARCH_USER_PATHS = NO;
				CLANG_CXX_LANGUAGE_STANDARD = "gnu++0x";
				CLANG_CXX_LIBRARY = "libc++";
				CLANG_ENABLE_MODULES = YES;
				CLANG_ENABLE_OBJC_ARC = YES;
				CLANG_WARN_BOOL_CONVERSION = YES;
				CLANG_WARN_CONSTANT_CONVERSION = YES;
				CLANG_WARN_DIRECT_OBJC_ISA_USAGE = YES_ERROR;
				CLANG_WARN_EMPTY_BODY = YES;
				CLANG_WARN_ENUM_CONVERSION = YES;
				CLANG_WARN_INT_CONVERSION = YES;
				CLANG_WARN_OBJC_ROOT_CLASS = YES_ERROR;
				CLANG_WARN_UNREACHABLE_CODE = YES;
				CLANG_WARN__DUPLICATE_METHOD_MATCH = YES;
				"CODE_SIGN_IDENTITY[sdk=iphoneos*]" = "iPhone Developer";
				COPY_PHASE_STRIP = NO;
				ENABLE_STRICT_OBJC_MSGSEND = YES;
				GCC_C_LANGUAGE_STANDARD = gnu99;
				GCC_DYNAMIC_NO_PIC = NO;
				GCC_OPTIMIZATION_LEVEL = 0;
				GCC_PREPROCESSOR_DEFINITIONS = (
					"DEBUG=1",
					"$(inherited)",
				);
				GCC_SYMBOLS_PRIVATE_EXTERN = NO;
				GCC_WARN_64_TO_32_BIT_CONVERSION = YES;
				GCC_WARN_ABOUT_RETURN_TYPE = YES_ERROR;
				GCC_WARN_UNDECLARED_SELECTOR = YES;
				GCC_WARN_UNINITIALIZED_AUTOS = YES_AGGRESSIVE;
				GCC_WARN_UNUSED_FUNCTION = YES;
				GCC_WARN_UNUSED_VARIABLE = YES;
				IPHONEOS_DEPLOYMENT_TARGET = 8.2;
				MTL_ENABLE_DEBUG_INFO = YES;
				ONLY_ACTIVE_ARCH = YES;
				SDKROOT = iphoneos;
				SWIFT_OPTIMIZATION_LEVEL = "-Onone";
			};
			name = Debug;
		};
		8256D1471ADA8B2300AE5DEE /* Release */ = {
			isa = XCBuildConfiguration;
			buildSettings = {
				ALWAYS_SEARCH_USER_PATHS = NO;
				CLANG_CXX_LANGUAGE_STANDARD = "gnu++0x";
				CLANG_CXX_LIBRARY = "libc++";
				CLANG_ENABLE_MODULES = YES;
				CLANG_ENABLE_OBJC_ARC = YES;
				CLANG_WARN_BOOL_CONVERSION = YES;
				CLANG_WARN_CONSTANT_CONVERSION = YES;
				CLANG_WARN_DIRECT_OBJC_ISA_USAGE = YES_ERROR;
				CLANG_WARN_EMPTY_BODY = YES;
				CLANG_WARN_ENUM_CONVERSION = YES;
				CLANG_WARN_INT_CONVERSION = YES;
				CLANG_WARN_OBJC_ROOT_CLASS = YES_ERROR;
				CLANG_WARN_UNREACHABLE_CODE = YES;
				CLANG_WARN__DUPLICATE_METHOD_MATCH = YES;
				"CODE_SIGN_IDENTITY[sdk=iphoneos*]" = "iPhone Developer";
				COPY_PHASE_STRIP = NO;
				ENABLE_NS_ASSERTIONS = NO;
				ENABLE_STRICT_OBJC_MSGSEND = YES;
				GCC_C_LANGUAGE_STANDARD = gnu99;
				GCC_WARN_64_TO_32_BIT_CONVERSION = YES;
				GCC_WARN_ABOUT_RETURN_TYPE = YES_ERROR;
				GCC_WARN_UNDECLARED_SELECTOR = YES;
				GCC_WARN_UNINITIALIZED_AUTOS = YES_AGGRESSIVE;
				GCC_WARN_UNUSED_FUNCTION = YES;
				GCC_WARN_UNUSED_VARIABLE = YES;
				IPHONEOS_DEPLOYMENT_TARGET = 8.2;
				MTL_ENABLE_DEBUG_INFO = NO;
				SDKROOT = iphoneos;
				VALIDATE_PRODUCT = YES;
			};
			name = Release;
		};
		8256D1491ADA8B2300AE5DEE /* Debug */ = {
			isa = XCBuildConfiguration;
			buildSettings = {
				ASSETCATALOG_COMPILER_APPICON_NAME = AppIcon;
				INFOPLIST_FILE = searchJob/Info.plist;
				LD_RUNPATH_SEARCH_PATHS = "$(inherited) @executable_path/Frameworks";
				PRODUCT_NAME = "$(TARGET_NAME)";
			};
			name = Debug;
		};
		8256D14A1ADA8B2300AE5DEE /* Release */ = {
			isa = XCBuildConfiguration;
			buildSettings = {
				ASSETCATALOG_COMPILER_APPICON_NAME = AppIcon;
				INFOPLIST_FILE = searchJob/Info.plist;
				LD_RUNPATH_SEARCH_PATHS = "$(inherited) @executable_path/Frameworks";
				PRODUCT_NAME = "$(TARGET_NAME)";
			};
			name = Release;
		};
		8256D14C1ADA8B2300AE5DEE /* Debug */ = {
			isa = XCBuildConfiguration;
			buildSettings = {
				BUNDLE_LOADER = "$(TEST_HOST)";
				FRAMEWORK_SEARCH_PATHS = (
					"$(SDKROOT)/Developer/Library/Frameworks",
					"$(inherited)",
				);
				GCC_PREPROCESSOR_DEFINITIONS = (
					"DEBUG=1",
					"$(inherited)",
				);
				INFOPLIST_FILE = searchJobTests/Info.plist;
				LD_RUNPATH_SEARCH_PATHS = "$(inherited) @executable_path/Frameworks @loader_path/Frameworks";
				PRODUCT_NAME = "$(TARGET_NAME)";
				TEST_HOST = "$(BUILT_PRODUCTS_DIR)/searchJob.app/searchJob";
			};
			name = Debug;
		};
		8256D14D1ADA8B2300AE5DEE /* Release */ = {
			isa = XCBuildConfiguration;
			buildSettings = {
				BUNDLE_LOADER = "$(TEST_HOST)";
				FRAMEWORK_SEARCH_PATHS = (
					"$(SDKROOT)/Developer/Library/Frameworks",
					"$(inherited)",
				);
				INFOPLIST_FILE = searchJobTests/Info.plist;
				LD_RUNPATH_SEARCH_PATHS = "$(inherited) @executable_path/Frameworks @loader_path/Frameworks";
				PRODUCT_NAME = "$(TARGET_NAME)";
				TEST_HOST = "$(BUILT_PRODUCTS_DIR)/searchJob.app/searchJob";
			};
			name = Release;
		};
/* End XCBuildConfiguration section */

/* Begin XCConfigurationList section */
		8256D1241ADA8B2200AE5DEE /* Build configuration list for PBXProject "searchJob" */ = {
			isa = XCConfigurationList;
			buildConfigurations = (
				8256D1461ADA8B2300AE5DEE /* Debug */,
				8256D1471ADA8B2300AE5DEE /* Release */,
			);
			defaultConfigurationIsVisible = 0;
			defaultConfigurationName = Release;
		};
		8256D1481ADA8B2300AE5DEE /* Build configuration list for PBXNativeTarget "searchJob" */ = {
			isa = XCConfigurationList;
			buildConfigurations = (
				8256D1491ADA8B2300AE5DEE /* Debug */,
				8256D14A1ADA8B2300AE5DEE /* Release */,
			);
			defaultConfigurationIsVisible = 0;
		};
		8256D14B1ADA8B2300AE5DEE /* Build configuration list for PBXNativeTarget "searchJobTests" */ = {
			isa = XCConfigurationList;
			buildConfigurations = (
				8256D14C1ADA8B2300AE5DEE /* Debug */,
				8256D14D1ADA8B2300AE5DEE /* Release */,
			);
			defaultConfigurationIsVisible = 0;
		};
/* End XCConfigurationList section */
	};
	rootObject = 8256D1211ADA8B2200AE5DEE /* Project object */;
}
